// !$*UTF8*$!
{
	archiveVersion = 1;
	classes = {
	};
	objectVersion = 56;
	objects = {

/* Begin PBXBuildFile section */
		0C1FB8E02993997200EB5B8C /* Person.swift in Sources */ = {isa = PBXBuildFile; fileRef = 0C1FB8DF2993997200EB5B8C /* Person.swift */; };
		0C1FB8E32993AA6000EB5B8C /* ExampleDataSource.swift in Sources */ = {isa = PBXBuildFile; fileRef = 0C1FB8E22993AA6000EB5B8C /* ExampleDataSource.swift */; };
		0C1FB8E62993AF2B00EB5B8C /* Persons.swift in Sources */ = {isa = PBXBuildFile; fileRef = 0C1FB8E52993AF2B00EB5B8C /* Persons.swift */; };
		0C242E1629927D5F009DEDAC /* ContentViewModel.swift in Sources */ = {isa = PBXBuildFile; fileRef = 0C242E1529927D5F009DEDAC /* ContentViewModel.swift */; };
		0C2E9A8229A8D56F00FD71CC /* HandleResponseTests.swift in Sources */ = {isa = PBXBuildFile; fileRef = 0C2E9A8129A8D56F00FD71CC /* HandleResponseTests.swift */; };
		0C2E9A8429A8D62300FD71CC /* MockGenericNetworkingDataSource.swift in Sources */ = {isa = PBXBuildFile; fileRef = 0C2E9A8329A8D62300FD71CC /* MockGenericNetworkingDataSource.swift */; };
		0C2E9A8829A8DF5C00FD71CC /* DataSourceErrors.swift in Sources */ = {isa = PBXBuildFile; fileRef = 0C2E9A8629A8DF5700FD71CC /* DataSourceErrors.swift */; };
		0C2E9A8A29A8E50B00FD71CC /* RequestAwaitAsyncTests.swift in Sources */ = {isa = PBXBuildFile; fileRef = 0C2E9A8929A8E50B00FD71CC /* RequestAwaitAsyncTests.swift */; };
		0C2E9A8C29A8E52500FD71CC /* RequestCombineTests.swift in Sources */ = {isa = PBXBuildFile; fileRef = 0C2E9A8B29A8E52500FD71CC /* RequestCombineTests.swift */; };
		0C48E39129912F1C00B506C3 /* GenericNetworkingDataSource.swift in Sources */ = {isa = PBXBuildFile; fileRef = 0C48E39029912F1C00B506C3 /* GenericNetworkingDataSource.swift */; };
		0C6BB00629AE15D2000FA662 /* Session.swift in Sources */ = {isa = PBXBuildFile; fileRef = 0C6BB00529AE15D2000FA662 /* Session.swift */; };
		0CBD0F0929912E5D009CB8BE /* iOS_Generic_Datasource_ExampleApp.swift in Sources */ = {isa = PBXBuildFile; fileRef = 0CBD0F0829912E5D009CB8BE /* iOS_Generic_Datasource_ExampleApp.swift */; };
		0CBD0F0B29912E5D009CB8BE /* ContentView.swift in Sources */ = {isa = PBXBuildFile; fileRef = 0CBD0F0A29912E5D009CB8BE /* ContentView.swift */; };
		0CBD0F0D29912E5F009CB8BE /* Assets.xcassets in Resources */ = {isa = PBXBuildFile; fileRef = 0CBD0F0C29912E5F009CB8BE /* Assets.xcassets */; };
		0CBD0F1029912E5F009CB8BE /* Preview Assets.xcassets in Resources */ = {isa = PBXBuildFile; fileRef = 0CBD0F0F29912E5F009CB8BE /* Preview Assets.xcassets */; };
/* End PBXBuildFile section */

/* Begin PBXContainerItemProxy section */
		0C48E38B29912EF400B506C3 /* PBXContainerItemProxy */ = {
			isa = PBXContainerItemProxy;
			containerPortal = 0CBD0EFD29912E5D009CB8BE /* Project object */;
			proxyType = 1;
			remoteGlobalIDString = 0CBD0F0429912E5D009CB8BE;
			remoteInfo = "iOS-Generic-Datasource_Example";
		};
/* End PBXContainerItemProxy section */

/* Begin PBXFileReference section */
		0C1FB8DF2993997200EB5B8C /* Person.swift */ = {isa = PBXFileReference; lastKnownFileType = sourcecode.swift; path = Person.swift; sourceTree = "<group>"; };
		0C1FB8E22993AA6000EB5B8C /* ExampleDataSource.swift */ = {isa = PBXFileReference; lastKnownFileType = sourcecode.swift; path = ExampleDataSource.swift; sourceTree = "<group>"; };
		0C1FB8E52993AF2B00EB5B8C /* Persons.swift */ = {isa = PBXFileReference; lastKnownFileType = sourcecode.swift; path = Persons.swift; sourceTree = "<group>"; };
		0C242E1529927D5F009DEDAC /* ContentViewModel.swift */ = {isa = PBXFileReference; lastKnownFileType = sourcecode.swift; path = ContentViewModel.swift; sourceTree = "<group>"; };
		0C2E9A8129A8D56F00FD71CC /* HandleResponseTests.swift */ = {isa = PBXFileReference; lastKnownFileType = sourcecode.swift; path = HandleResponseTests.swift; sourceTree = "<group>"; };
		0C2E9A8329A8D62300FD71CC /* MockGenericNetworkingDataSource.swift */ = {isa = PBXFileReference; lastKnownFileType = sourcecode.swift; path = MockGenericNetworkingDataSource.swift; sourceTree = "<group>"; };
		0C2E9A8629A8DF5700FD71CC /* DataSourceErrors.swift */ = {isa = PBXFileReference; lastKnownFileType = sourcecode.swift; path = DataSourceErrors.swift; sourceTree = "<group>"; };
		0C2E9A8929A8E50B00FD71CC /* RequestAwaitAsyncTests.swift */ = {isa = PBXFileReference; lastKnownFileType = sourcecode.swift; path = RequestAwaitAsyncTests.swift; sourceTree = "<group>"; };
		0C2E9A8B29A8E52500FD71CC /* RequestCombineTests.swift */ = {isa = PBXFileReference; lastKnownFileType = sourcecode.swift; path = RequestCombineTests.swift; sourceTree = "<group>"; };
		0C48E38729912EF400B506C3 /* iOS-Generic-Datasource-Tests.xctest */ = {isa = PBXFileReference; explicitFileType = wrapper.cfbundle; includeInIndex = 0; path = "iOS-Generic-Datasource-Tests.xctest"; sourceTree = BUILT_PRODUCTS_DIR; };
		0C48E39029912F1C00B506C3 /* GenericNetworkingDataSource.swift */ = {isa = PBXFileReference; lastKnownFileType = sourcecode.swift; path = GenericNetworkingDataSource.swift; sourceTree = "<group>"; };
		0C6BB00529AE15D2000FA662 /* Session.swift */ = {isa = PBXFileReference; lastKnownFileType = sourcecode.swift; path = Session.swift; sourceTree = "<group>"; };
		0CBD0F0529912E5D009CB8BE /* iOS-Generic-Datasource_Example.app */ = {isa = PBXFileReference; explicitFileType = wrapper.application; includeInIndex = 0; path = "iOS-Generic-Datasource_Example.app"; sourceTree = BUILT_PRODUCTS_DIR; };
		0CBD0F0829912E5D009CB8BE /* iOS_Generic_Datasource_ExampleApp.swift */ = {isa = PBXFileReference; lastKnownFileType = sourcecode.swift; path = iOS_Generic_Datasource_ExampleApp.swift; sourceTree = "<group>"; };
		0CBD0F0A29912E5D009CB8BE /* ContentView.swift */ = {isa = PBXFileReference; lastKnownFileType = sourcecode.swift; path = ContentView.swift; sourceTree = "<group>"; };
		0CBD0F0C29912E5F009CB8BE /* Assets.xcassets */ = {isa = PBXFileReference; lastKnownFileType = folder.assetcatalog; path = Assets.xcassets; sourceTree = "<group>"; };
		0CBD0F0F29912E5F009CB8BE /* Preview Assets.xcassets */ = {isa = PBXFileReference; lastKnownFileType = folder.assetcatalog; path = "Preview Assets.xcassets"; sourceTree = "<group>"; };
/* End PBXFileReference section */

/* Begin PBXFrameworksBuildPhase section */
		0C48E38429912EF400B506C3 /* Frameworks */ = {
			isa = PBXFrameworksBuildPhase;
			buildActionMask = 2147483647;
			files = (
			);
			runOnlyForDeploymentPostprocessing = 0;
		};
		0CBD0F0229912E5D009CB8BE /* Frameworks */ = {
			isa = PBXFrameworksBuildPhase;
			buildActionMask = 2147483647;
			files = (
			);
			runOnlyForDeploymentPostprocessing = 0;
		};
/* End PBXFrameworksBuildPhase section */

/* Begin PBXGroup section */
		0C1FB8E12993AA4C00EB5B8C /* DataSource */ = {
			isa = PBXGroup;
			children = (
				0C1FB8E22993AA6000EB5B8C /* ExampleDataSource.swift */,
			);
			path = DataSource;
			sourceTree = "<group>";
		};
		0C242E1729927E5F009DEDAC /* Content */ = {
			isa = PBXGroup;
			children = (
				0C242E1829927EFB009DEDAC /* Model */,
				0C242E1529927D5F009DEDAC /* ContentViewModel.swift */,
				0CBD0F0A29912E5D009CB8BE /* ContentView.swift */,
			);
			path = Content;
			sourceTree = "<group>";
		};
		0C242E1829927EFB009DEDAC /* Model */ = {
			isa = PBXGroup;
			children = (
				0C1FB8E52993AF2B00EB5B8C /* Persons.swift */,
				0C1FB8DF2993997200EB5B8C /* Person.swift */,
			);
			path = Model;
			sourceTree = "<group>";
		};
		0C2E9A8529A8D71A00FD71CC /* Mocks */ = {
			isa = PBXGroup;
			children = (
				0C2E9A8329A8D62300FD71CC /* MockGenericNetworkingDataSource.swift */,
			);
			path = Mocks;
			sourceTree = "<group>";
		};
		0C48E38029912EB000B506C3 /* iOS-Generic-Datasource */ = {
			isa = PBXGroup;
			children = (
				0C48E38129912EB800B506C3 /* Module */,
				0C48E38229912EC200B506C3 /* UnitTests */,
			);
			path = "iOS-Generic-Datasource";
			sourceTree = "<group>";
		};
		0C48E38129912EB800B506C3 /* Module */ = {
			isa = PBXGroup;
			children = (
				0C2E9A8629A8DF5700FD71CC /* DataSourceErrors.swift */,
				0C6BB00529AE15D2000FA662 /* Session.swift */,
				0C48E39029912F1C00B506C3 /* GenericNetworkingDataSource.swift */,
			);
			path = Module;
			sourceTree = "<group>";
		};
		0C48E38229912EC200B506C3 /* UnitTests */ = {
			isa = PBXGroup;
			children = (
				0C2E9A8529A8D71A00FD71CC /* Mocks */,
				0C2E9A8129A8D56F00FD71CC /* HandleResponseTests.swift */,
				0C2E9A8929A8E50B00FD71CC /* RequestAwaitAsyncTests.swift */,
				0C2E9A8B29A8E52500FD71CC /* RequestCombineTests.swift */,
			);
			path = UnitTests;
			sourceTree = "<group>";
		};
		0CBD0EFC29912E5D009CB8BE = {
			isa = PBXGroup;
			children = (
				0C48E38029912EB000B506C3 /* iOS-Generic-Datasource */,
				0CBD0F0729912E5D009CB8BE /* iOS-Generic-Datasource_Example */,
				0CBD0F0629912E5D009CB8BE /* Products */,
			);
			sourceTree = "<group>";
		};
		0CBD0F0629912E5D009CB8BE /* Products */ = {
			isa = PBXGroup;
			children = (
				0CBD0F0529912E5D009CB8BE /* iOS-Generic-Datasource_Example.app */,
				0C48E38729912EF400B506C3 /* iOS-Generic-Datasource-Tests.xctest */,
			);
			name = Products;
			sourceTree = "<group>";
		};
		0CBD0F0729912E5D009CB8BE /* iOS-Generic-Datasource_Example */ = {
			isa = PBXGroup;
			children = (
				0C1FB8E12993AA4C00EB5B8C /* DataSource */,
				0C242E1729927E5F009DEDAC /* Content */,
				0CBD0F0829912E5D009CB8BE /* iOS_Generic_Datasource_ExampleApp.swift */,
				0CBD0F0C29912E5F009CB8BE /* Assets.xcassets */,
				0CBD0F0E29912E5F009CB8BE /* Preview Content */,
			);
			path = "iOS-Generic-Datasource_Example";
			sourceTree = "<group>";
		};
		0CBD0F0E29912E5F009CB8BE /* Preview Content */ = {
			isa = PBXGroup;
			children = (
				0CBD0F0F29912E5F009CB8BE /* Preview Assets.xcassets */,
			);
			path = "Preview Content";
			sourceTree = "<group>";
		};
/* End PBXGroup section */

/* Begin PBXNativeTarget section */
		0C48E38629912EF400B506C3 /* iOS-Generic-Datasource-Tests */ = {
			isa = PBXNativeTarget;
			buildConfigurationList = 0C48E38D29912EF400B506C3 /* Build configuration list for PBXNativeTarget "iOS-Generic-Datasource-Tests" */;
			buildPhases = (
				0C48E38329912EF400B506C3 /* Sources */,
				0C48E38429912EF400B506C3 /* Frameworks */,
				0C48E38529912EF400B506C3 /* Resources */,
			);
			buildRules = (
			);
			dependencies = (
				0C48E38C29912EF400B506C3 /* PBXTargetDependency */,
			);
			name = "iOS-Generic-Datasource-Tests";
			productName = "iOS-Generic-Datasource-Tests";
			productReference = 0C48E38729912EF400B506C3 /* iOS-Generic-Datasource-Tests.xctest */;
			productType = "com.apple.product-type.bundle.unit-test";
		};
		0CBD0F0429912E5D009CB8BE /* iOS-Generic-Datasource_Example */ = {
			isa = PBXNativeTarget;
			buildConfigurationList = 0CBD0F2929912E60009CB8BE /* Build configuration list for PBXNativeTarget "iOS-Generic-Datasource_Example" */;
			buildPhases = (
				0CBD0F0129912E5D009CB8BE /* Sources */,
				0CBD0F0229912E5D009CB8BE /* Frameworks */,
				0CBD0F0329912E5D009CB8BE /* Resources */,
			);
			buildRules = (
			);
			dependencies = (
			);
			name = "iOS-Generic-Datasource_Example";
			productName = "iOS-Generic-Datasource_Example";
			productReference = 0CBD0F0529912E5D009CB8BE /* iOS-Generic-Datasource_Example.app */;
			productType = "com.apple.product-type.application";
		};
/* End PBXNativeTarget section */

/* Begin PBXProject section */
		0CBD0EFD29912E5D009CB8BE /* Project object */ = {
			isa = PBXProject;
			attributes = {
				BuildIndependentTargetsInParallel = 1;
				LastSwiftUpdateCheck = 1420;
				LastUpgradeCheck = 1420;
				TargetAttributes = {
					0C48E38629912EF400B506C3 = {
						CreatedOnToolsVersion = 14.2;
						TestTargetID = 0CBD0F0429912E5D009CB8BE;
					};
					0CBD0F0429912E5D009CB8BE = {
						CreatedOnToolsVersion = 14.2;
					};
				};
			};
			buildConfigurationList = 0CBD0F0029912E5D009CB8BE /* Build configuration list for PBXProject "iOS-Generic-Datasource_Example" */;
			compatibilityVersion = "Xcode 14.0";
			developmentRegion = en;
			hasScannedForEncodings = 0;
			knownRegions = (
				en,
				Base,
			);
			mainGroup = 0CBD0EFC29912E5D009CB8BE;
			productRefGroup = 0CBD0F0629912E5D009CB8BE /* Products */;
			projectDirPath = "";
			projectRoot = "";
			targets = (
				0CBD0F0429912E5D009CB8BE /* iOS-Generic-Datasource_Example */,
				0C48E38629912EF400B506C3 /* iOS-Generic-Datasource-Tests */,
			);
		};
/* End PBXProject section */

/* Begin PBXResourcesBuildPhase section */
		0C48E38529912EF400B506C3 /* Resources */ = {
			isa = PBXResourcesBuildPhase;
			buildActionMask = 2147483647;
			files = (
			);
			runOnlyForDeploymentPostprocessing = 0;
		};
		0CBD0F0329912E5D009CB8BE /* Resources */ = {
			isa = PBXResourcesBuildPhase;
			buildActionMask = 2147483647;
			files = (
				0CBD0F1029912E5F009CB8BE /* Preview Assets.xcassets in Resources */,
				0CBD0F0D29912E5F009CB8BE /* Assets.xcassets in Resources */,
			);
			runOnlyForDeploymentPostprocessing = 0;
		};
/* End PBXResourcesBuildPhase section */

/* Begin PBXSourcesBuildPhase section */
		0C48E38329912EF400B506C3 /* Sources */ = {
			isa = PBXSourcesBuildPhase;
			buildActionMask = 2147483647;
			files = (
				0C2E9A8429A8D62300FD71CC /* MockGenericNetworkingDataSource.swift in Sources */,
				0C2E9A8C29A8E52500FD71CC /* RequestCombineTests.swift in Sources */,
				0C2E9A8229A8D56F00FD71CC /* HandleResponseTests.swift in Sources */,
				0C2E9A8A29A8E50B00FD71CC /* RequestAwaitAsyncTests.swift in Sources */,
			);
			runOnlyForDeploymentPostprocessing = 0;
		};
		0CBD0F0129912E5D009CB8BE /* Sources */ = {
			isa = PBXSourcesBuildPhase;
			buildActionMask = 2147483647;
			files = (
				0C1FB8E02993997200EB5B8C /* Person.swift in Sources */,
				0C1FB8E62993AF2B00EB5B8C /* Persons.swift in Sources */,
				0C1FB8E32993AA6000EB5B8C /* ExampleDataSource.swift in Sources */,
				0C242E1629927D5F009DEDAC /* ContentViewModel.swift in Sources */,
				0CBD0F0B29912E5D009CB8BE /* ContentView.swift in Sources */,
				0C48E39129912F1C00B506C3 /* GenericNetworkingDataSource.swift in Sources */,
				0C2E9A8829A8DF5C00FD71CC /* DataSourceErrors.swift in Sources */,
				0CBD0F0929912E5D009CB8BE /* iOS_Generic_Datasource_ExampleApp.swift in Sources */,
				0C6BB00629AE15D2000FA662 /* Session.swift in Sources */,
			);
			runOnlyForDeploymentPostprocessing = 0;
		};
/* End PBXSourcesBuildPhase section */

/* Begin PBXTargetDependency section */
		0C48E38C29912EF400B506C3 /* PBXTargetDependency */ = {
			isa = PBXTargetDependency;
			target = 0CBD0F0429912E5D009CB8BE /* iOS-Generic-Datasource_Example */;
			targetProxy = 0C48E38B29912EF400B506C3 /* PBXContainerItemProxy */;
		};
/* End PBXTargetDependency section */

/* Begin XCBuildConfiguration section */
		0C48E38E29912EF400B506C3 /* Debug */ = {
			isa = XCBuildConfiguration;
			buildSettings = {
				BUNDLE_LOADER = "$(TEST_HOST)";
				CODE_SIGN_STYLE = Automatic;
				CURRENT_PROJECT_VERSION = 1;
				GENERATE_INFOPLIST_FILE = YES;
				MARKETING_VERSION = 1.0;
				PRODUCT_BUNDLE_IDENTIFIER = "rpa.iOS-Generic-Datasource-Tests";
				PRODUCT_NAME = "$(TARGET_NAME)";
				SWIFT_EMIT_LOC_STRINGS = NO;
				SWIFT_VERSION = 5.0;
				TARGETED_DEVICE_FAMILY = "1,2";
				TEST_HOST = "$(BUILT_PRODUCTS_DIR)/iOS-Generic-Datasource_Example.app/$(BUNDLE_EXECUTABLE_FOLDER_PATH)/iOS-Generic-Datasource_Example";
			};
			name = Debug;
		};
		0C48E38F29912EF400B506C3 /* Release */ = {
			isa = XCBuildConfiguration;
			buildSettings = {
				BUNDLE_LOADER = "$(TEST_HOST)";
				CODE_SIGN_STYLE = Automatic;
				CURRENT_PROJECT_VERSION = 1;
				GENERATE_INFOPLIST_FILE = YES;
				MARKETING_VERSION = 1.0;
				PRODUCT_BUNDLE_IDENTIFIER = "rpa.iOS-Generic-Datasource-Tests";
				PRODUCT_NAME = "$(TARGET_NAME)";
				SWIFT_EMIT_LOC_STRINGS = NO;
				SWIFT_VERSION = 5.0;
				TARGETED_DEVICE_FAMILY = "1,2";
				TEST_HOST = "$(BUILT_PRODUCTS_DIR)/iOS-Generic-Datasource_Example.app/$(BUNDLE_EXECUTABLE_FOLDER_PATH)/iOS-Generic-Datasource_Example";
			};
			name = Release;
		};
		0CBD0F2729912E60009CB8BE /* Debug */ = {
			isa = XCBuildConfiguration;
			buildSettings = {
				ALWAYS_SEARCH_USER_PATHS = NO;
				CLANG_ANALYZER_NONNULL = YES;
				CLANG_ANALYZER_NUMBER_OBJECT_CONVERSION = YES_AGGRESSIVE;
				CLANG_CXX_LANGUAGE_STANDARD = "gnu++20";
				CLANG_ENABLE_MODULES = YES;
				CLANG_ENABLE_OBJC_ARC = YES;
				CLANG_ENABLE_OBJC_WEAK = YES;
				CLANG_WARN_BLOCK_CAPTURE_AUTORELEASING = YES;
				CLANG_WARN_BOOL_CONVERSION = YES;
				CLANG_WARN_COMMA = YES;
				CLANG_WARN_CONSTANT_CONVERSION = YES;
				CLANG_WARN_DEPRECATED_OBJC_IMPLEMENTATIONS = YES;
				CLANG_WARN_DIRECT_OBJC_ISA_USAGE = YES_ERROR;
				CLANG_WARN_DOCUMENTATION_COMMENTS = YES;
				CLANG_WARN_EMPTY_BODY = YES;
				CLANG_WARN_ENUM_CONVERSION = YES;
				CLANG_WARN_INFINITE_RECURSION = YES;
				CLANG_WARN_INT_CONVERSION = YES;
				CLANG_WARN_NON_LITERAL_NULL_CONVERSION = YES;
				CLANG_WARN_OBJC_IMPLICIT_RETAIN_SELF = YES;
				CLANG_WARN_OBJC_LITERAL_CONVERSION = YES;
				CLANG_WARN_OBJC_ROOT_CLASS = YES_ERROR;
				CLANG_WARN_QUOTED_INCLUDE_IN_FRAMEWORK_HEADER = YES;
				CLANG_WARN_RANGE_LOOP_ANALYSIS = YES;
				CLANG_WARN_STRICT_PROTOTYPES = YES;
				CLANG_WARN_SUSPICIOUS_MOVE = YES;
				CLANG_WARN_UNGUARDED_AVAILABILITY = YES_AGGRESSIVE;
				CLANG_WARN_UNREACHABLE_CODE = YES;
				CLANG_WARN__DUPLICATE_METHOD_MATCH = YES;
				COPY_PHASE_STRIP = NO;
				DEBUG_INFORMATION_FORMAT = dwarf;
				ENABLE_STRICT_OBJC_MSGSEND = YES;
				ENABLE_TESTABILITY = YES;
				GCC_C_LANGUAGE_STANDARD = gnu11;
				GCC_DYNAMIC_NO_PIC = NO;
				GCC_NO_COMMON_BLOCKS = YES;
				GCC_OPTIMIZATION_LEVEL = 0;
				GCC_PREPROCESSOR_DEFINITIONS = (
					"DEBUG=1",
					"$(inherited)",
				);
				GCC_WARN_64_TO_32_BIT_CONVERSION = YES;
				GCC_WARN_ABOUT_RETURN_TYPE = YES_ERROR;
				GCC_WARN_UNDECLARED_SELECTOR = YES;
				GCC_WARN_UNINITIALIZED_AUTOS = YES_AGGRESSIVE;
				GCC_WARN_UNUSED_FUNCTION = YES;
				GCC_WARN_UNUSED_VARIABLE = YES;
				IPHONEOS_DEPLOYMENT_TARGET = 16.2;
				MTL_ENABLE_DEBUG_INFO = INCLUDE_SOURCE;
				MTL_FAST_MATH = YES;
				ONLY_ACTIVE_ARCH = YES;
				SDKROOT = iphoneos;
				SWIFT_ACTIVE_COMPILATION_CONDITIONS = DEBUG;
				SWIFT_OPTIMIZATION_LEVEL = "-Onone";
			};
			name = Debug;
		};
		0CBD0F2829912E60009CB8BE /* Release */ = {
			isa = XCBuildConfiguration;
			buildSettings = {
				ALWAYS_SEARCH_USER_PATHS = NO;
				CLANG_ANALYZER_NONNULL = YES;
				CLANG_ANALYZER_NUMBER_OBJECT_CONVERSION = YES_AGGRESSIVE;
				CLANG_CXX_LANGUAGE_STANDARD = "gnu++20";
				CLANG_ENABLE_MODULES = YES;
				CLANG_ENABLE_OBJC_ARC = YES;
				CLANG_ENABLE_OBJC_WEAK = YES;
				CLANG_WARN_BLOCK_CAPTURE_AUTORELEASING = YES;
				CLANG_WARN_BOOL_CONVERSION = YES;
				CLANG_WARN_COMMA = YES;
				CLANG_WARN_CONSTANT_CONVERSION = YES;
				CLANG_WARN_DEPRECATED_OBJC_IMPLEMENTATIONS = YES;
				CLANG_WARN_DIRECT_OBJC_ISA_USAGE = YES_ERROR;
				CLANG_WARN_DOCUMENTATION_COMMENTS = YES;
				CLANG_WARN_EMPTY_BODY = YES;
				CLANG_WARN_ENUM_CONVERSION = YES;
				CLANG_WARN_INFINITE_RECURSION = YES;
				CLANG_WARN_INT_CONVERSION = YES;
				CLANG_WARN_NON_LITERAL_NULL_CONVERSION = YES;
				CLANG_WARN_OBJC_IMPLICIT_RETAIN_SELF = YES;
				CLANG_WARN_OBJC_LITERAL_CONVERSION = YES;
				CLANG_WARN_OBJC_ROOT_CLASS = YES_ERROR;
				CLANG_WARN_QUOTED_INCLUDE_IN_FRAMEWORK_HEADER = YES;
				CLANG_WARN_RANGE_LOOP_ANALYSIS = YES;
				CLANG_WARN_STRICT_PROTOTYPES = YES;
				CLANG_WARN_SUSPICIOUS_MOVE = YES;
				CLANG_WARN_UNGUARDED_AVAILABILITY = YES_AGGRESSIVE;
				CLANG_WARN_UNREACHABLE_CODE = YES;
				CLANG_WARN__DUPLICATE_METHOD_MATCH = YES;
				COPY_PHASE_STRIP = NO;
				DEBUG_INFORMATION_FORMAT = "dwarf-with-dsym";
				ENABLE_NS_ASSERTIONS = NO;
				ENABLE_STRICT_OBJC_MSGSEND = YES;
				GCC_C_LANGUAGE_STANDARD = gnu11;
				GCC_NO_COMMON_BLOCKS = YES;
				GCC_WARN_64_TO_32_BIT_CONVERSION = YES;
				GCC_WARN_ABOUT_RETURN_TYPE = YES_ERROR;
				GCC_WARN_UNDECLARED_SELECTOR = YES;
				GCC_WARN_UNINITIALIZED_AUTOS = YES_AGGRESSIVE;
				GCC_WARN_UNUSED_FUNCTION = YES;
				GCC_WARN_UNUSED_VARIABLE = YES;
				IPHONEOS_DEPLOYMENT_TARGET = 16.2;
				MTL_ENABLE_DEBUG_INFO = NO;
				MTL_FAST_MATH = YES;
				SDKROOT = iphoneos;
				SWIFT_COMPILATION_MODE = wholemodule;
				SWIFT_OPTIMIZATION_LEVEL = "-O";
				VALIDATE_PRODUCT = YES;
			};
			name = Release;
		};
		0CBD0F2A29912E60009CB8BE /* Debug */ = {
			isa = XCBuildConfiguration;
			buildSettings = {
				ASSETCATALOG_COMPILER_APPICON_NAME = AppIcon;
				ASSETCATALOG_COMPILER_GLOBAL_ACCENT_COLOR_NAME = AccentColor;
				CODE_SIGN_STYLE = Automatic;
				CURRENT_PROJECT_VERSION = 1;
				DEVELOPMENT_ASSET_PATHS = "\"iOS-Generic-Datasource_Example/Preview Content\"";
				ENABLE_PREVIEWS = YES;
				GENERATE_INFOPLIST_FILE = YES;
				INFOPLIST_KEY_UIApplicationSceneManifest_Generation = YES;
				INFOPLIST_KEY_UIApplicationSupportsIndirectInputEvents = YES;
				INFOPLIST_KEY_UILaunchScreen_Generation = YES;
				INFOPLIST_KEY_UISupportedInterfaceOrientations_iPad = "UIInterfaceOrientationPortrait UIInterfaceOrientationPortraitUpsideDown UIInterfaceOrientationLandscapeLeft UIInterfaceOrientationLandscapeRight";
				INFOPLIST_KEY_UISupportedInterfaceOrientations_iPhone = "UIInterfaceOrientationPortrait UIInterfaceOrientationLandscapeLeft UIInterfaceOrientationLandscapeRight";
				LD_RUNPATH_SEARCH_PATHS = (
					"$(inherited)",
					"@executable_path/Frameworks",
				);
				MARKETING_VERSION = 1.0;
				PRODUCT_BUNDLE_IDENTIFIER = "rpa.iOS-Generic-Datasource-Example";
				PRODUCT_NAME = "$(TARGET_NAME)";
				SWIFT_EMIT_LOC_STRINGS = YES;
				SWIFT_VERSION = 5.0;
				TARGETED_DEVICE_FAMILY = "1,2";
			};
			name = Debug;
		};
		0CBD0F2B29912E60009CB8BE /* Release */ = {
			isa = XCBuildConfiguration;
			buildSettings = {
				ASSETCATALOG_COMPILER_APPICON_NAME = AppIcon;
				ASSETCATALOG_COMPILER_GLOBAL_ACCENT_COLOR_NAME = AccentColor;
				CODE_SIGN_STYLE = Automatic;
				CURRENT_PROJECT_VERSION = 1;
				DEVELOPMENT_ASSET_PATHS = "\"iOS-Generic-Datasource_Example/Preview Content\"";
				ENABLE_PREVIEWS = YES;
				GENERATE_INFOPLIST_FILE = YES;
				INFOPLIST_KEY_UIApplicationSceneManifest_Generation = YES;
				INFOPLIST_KEY_UIApplicationSupportsIndirectInputEvents = YES;
				INFOPLIST_KEY_UILaunchScreen_Generation = YES;
				INFOPLIST_KEY_UISupportedInterfaceOrientations_iPad = "UIInterfaceOrientationPortrait UIInterfaceOrientationPortraitUpsideDown UIInterfaceOrientationLandscapeLeft UIInterfaceOrientationLandscapeRight";
				INFOPLIST_KEY_UISupportedInterfaceOrientations_iPhone = "UIInterfaceOrientationPortrait UIInterfaceOrientationLandscapeLeft UIInterfaceOrientationLandscapeRight";
				LD_RUNPATH_SEARCH_PATHS = (
					"$(inherited)",
					"@executable_path/Frameworks",
				);
				MARKETING_VERSION = 1.0;
				PRODUCT_BUNDLE_IDENTIFIER = "rpa.iOS-Generic-Datasource-Example";
				PRODUCT_NAME = "$(TARGET_NAME)";
				SWIFT_EMIT_LOC_STRINGS = YES;
				SWIFT_VERSION = 5.0;
				TARGETED_DEVICE_FAMILY = "1,2";
			};
			name = Release;
		};
/* End XCBuildConfiguration section */

/* Begin XCConfigurationList section */
		0C48E38D29912EF400B506C3 /* Build configuration list for PBXNativeTarget "iOS-Generic-Datasource-Tests" */ = {
			isa = XCConfigurationList;
			buildConfigurations = (
				0C48E38E29912EF400B506C3 /* Debug */,
				0C48E38F29912EF400B506C3 /* Release */,
			);
			defaultConfigurationIsVisible = 0;
			defaultConfigurationName = Release;
		};
		0CBD0F0029912E5D009CB8BE /* Build configuration list for PBXProject "iOS-Generic-Datasource_Example" */ = {
			isa = XCConfigurationList;
			buildConfigurations = (
				0CBD0F2729912E60009CB8BE /* Debug */,
				0CBD0F2829912E60009CB8BE /* Release */,
			);
			defaultConfigurationIsVisible = 0;
			defaultConfigurationName = Release;
		};
		0CBD0F2929912E60009CB8BE /* Build configuration list for PBXNativeTarget "iOS-Generic-Datasource_Example" */ = {
			isa = XCConfigurationList;
			buildConfigurations = (
				0CBD0F2A29912E60009CB8BE /* Debug */,
				0CBD0F2B29912E60009CB8BE /* Release */,
			);
			defaultConfigurationIsVisible = 0;
			defaultConfigurationName = Release;
		};
/* End XCConfigurationList section */
	};
	rootObject = 0CBD0EFD29912E5D009CB8BE /* Project object */;
}
